
Microsoft Visual Studio Solution File, Format Version 12.00
# Visual Studio Version 16
VisualStudioVersion = 16.0.30413.136
MinimumVisualStudioVersion = 10.0.40219.1
Project("{FAE04EC0-301F-11D3-BF4B-00C04F79EFBC}") = "MIS4200_Team6", "MIS4200_Team6.csproj", "{98F36337-0707-47AB-9C21-4475C90BB725}"
EndProject
Global
	GlobalSection(SolutionConfigurationPlatforms) = preSolution
		Debug|Any CPU = Debug|Any CPU
		Release|Any CPU = Release|Any CPU
	EndGlobalSection
	GlobalSection(ProjectConfigurationPlatforms) = postSolution
		{98F36337-0707-47AB-9C21-4475C90BB725}.Debug|Any CPU.ActiveCfg = Debug|Any CPU
		{98F36337-0707-47AB-9C21-4475C90BB725}.Debug|Any CPU.Build.0 = Debug|Any CPU
		{98F36337-0707-47AB-9C21-4475C90BB725}.Release|Any CPU.ActiveCfg = Release|Any CPU
		{98F36337-0707-47AB-9C21-4475C90BB725}.Release|Any CPU.Build.0 = Release|Any CPU
	EndGlobalSection
	GlobalSection(SolutionProperties) = preSolution
		HideSolutionNode = FALSE
	EndGlobalSection
	GlobalSection(ExtensibilityGlobals) = postSolution
		SolutionGuid = {FF337A4B-4F7A-41B6-9F57-07817AA1EFD0}
	EndGlobalSection
EndGlobal
